{
  "name": "prisma-client-b1f03d00a96f845788b6dc38c335d6f53c770e80925831cd5da3ba9dc8b81c9f",
  "version": "6.4.1",
  "lockfileVersion": 3,
  "requires": true,
  "packages": {
    "": {
      "name": "prisma-client-b1f03d00a96f845788b6dc38c335d6f53c770e80925831cd5da3ba9dc8b81c9f",
      "version": "6.4.1"
    }
  }
}
